
Microsoft Visual Studio Solution File, Format Version 12.00
# Visual Studio Version 17
VisualStudioVersion = 17.8.34316.72
MinimumVisualStudioVersion = 10.0.40219.1
Project("{9A19103F-16F7-4668-BE54-9A1E7A4F7556}") = "BlazingPizza", "BlazingPizza.csproj", "{FE9F3D4A-D93A-42CD-AC4A-B9D0F74194F9}"
EndProject
Global
	GlobalSection(SolutionConfigurationPlatforms) = preSolution
		Debug|Any CPU = Debug|Any CPU
		Release|Any CPU = Release|Any CPU
	EndGlobalSection
	GlobalSection(ProjectConfigurationPlatforms) = postSolution
		{FE9F3D4A-D93A-42CD-AC4A-B9D0F74194F9}.Debug|Any CPU.ActiveCfg = Debug|Any CPU
		{FE9F3D4A-D93A-42CD-AC4A-B9D0F74194F9}.Debug|Any CPU.Build.0 = Debug|Any CPU
		{FE9F3D4A-D93A-42CD-AC4A-B9D0F74194F9}.Release|Any CPU.ActiveCfg = Release|Any CPU
		{FE9F3D4A-D93A-42CD-AC4A-B9D0F74194F9}.Release|Any CPU.Build.0 = Release|Any CPU
	EndGlobalSection
	GlobalSection(SolutionProperties) = preSolution
		HideSolutionNode = FALSE
	EndGlobalSection
	GlobalSection(ExtensibilityGlobals) = postSolution
		SolutionGuid = {7EE30829-B2A5-49DC-AC5F-B716A330D3FD}
	EndGlobalSection
EndGlobal
